// !$*UTF8*$!
{
	archiveVersion = 1;
	classes = {
	};
	objectVersion = 46;
	objects = {

/* Begin PBXBuildFile section */
		7011C18A146E4F1700BE2654 /* ResultsViewController.m in Sources */ = {isa = PBXBuildFile; fileRef = 7011C188146E4F1700BE2654 /* ResultsViewController.m */; };
		7011C18B146E4F1700BE2654 /* ResultsViewController.xib in Resources */ = {isa = PBXBuildFile; fileRef = 7011C189146E4F1700BE2654 /* ResultsViewController.xib */; };
		7011C194146E5CFC00BE2654 /* MessageUI.framework in Frameworks */ = {isa = PBXBuildFile; fileRef = 7011C193146E5CFC00BE2654 /* MessageUI.framework */; };
		7011C196146EF0D400BE2654 /* GameKit.framework in Frameworks */ = {isa = PBXBuildFile; fileRef = 7011C195146EF0D400BE2654 /* GameKit.framework */; };
		7011C19A146EF7B000BE2654 /* ScrumbledIcon.png in Resources */ = {isa = PBXBuildFile; fileRef = 7011C199146EF7B000BE2654 /* ScrumbledIcon.png */; };
		7011C19C146EF7C900BE2654 /* ScrumbledIcon@2x.png in Resources */ = {isa = PBXBuildFile; fileRef = 7011C19B146EF7C900BE2654 /* ScrumbledIcon@2x.png */; };
		7011C1A0146F163800BE2654 /* scrumbledBanner@2x.png in Resources */ = {isa = PBXBuildFile; fileRef = 7011C19F146F163800BE2654 /* scrumbledBanner@2x.png */; };
		7011C1A2146F2A2C00BE2654 /* Twitter.framework in Frameworks */ = {isa = PBXBuildFile; fileRef = 7011C1A1146F2A2C00BE2654 /* Twitter.framework */; };
		7011C1A4146F2F7200BE2654 /* scrumButton@2x.png in Resources */ = {isa = PBXBuildFile; fileRef = 7011C1A3146F2F7200BE2654 /* scrumButton@2x.png */; };
		7011C1A6146F305900BE2654 /* scrumBannerButton@2x.png in Resources */ = {isa = PBXBuildFile; fileRef = 7011C1A5146F305900BE2654 /* scrumBannerButton@2x.png */; };
		7011C1D81470903F00BE2654 /* DescrumbledAd@2x.png in Resources */ = {isa = PBXBuildFile; fileRef = 7011C1D71470903F00BE2654 /* DescrumbledAd@2x.png */; };
		70459DD114661D7500998C76 /* DescrumbledIcon@2x.png in Resources */ = {isa = PBXBuildFile; fileRef = 70459DCF14661D7500998C76 /* DescrumbledIcon@2x.png */; };
		70459DD214661D7500998C76 /* DescrumbledIcon.png in Resources */ = {isa = PBXBuildFile; fileRef = 70459DD014661D7500998C76 /* DescrumbledIcon.png */; };
		70B6D4AD1465CD9B0023548D /* UIKit.framework in Frameworks */ = {isa = PBXBuildFile; fileRef = 70B6D4AC1465CD9B0023548D /* UIKit.framework */; };
		70B6D4AF1465CD9B0023548D /* Foundation.framework in Frameworks */ = {isa = PBXBuildFile; fileRef = 70B6D4AE1465CD9B0023548D /* Foundation.framework */; };
		70B6D4B11465CD9B0023548D /* CoreGraphics.framework in Frameworks */ = {isa = PBXBuildFile; fileRef = 70B6D4B01465CD9B0023548D /* CoreGraphics.framework */; };
		70B6D4B71465CD9B0023548D /* InfoPlist.strings in Resources */ = {isa = PBXBuildFile; fileRef = 70B6D4B51465CD9B0023548D /* InfoPlist.strings */; };
		70B6D4B91465CD9B0023548D /* main.m in Sources */ = {isa = PBXBuildFile; fileRef = 70B6D4B81465CD9B0023548D /* main.m */; };
		70B6D4BD1465CD9C0023548D /* AppDelegate.mm in Sources */ = {isa = PBXBuildFile; fileRef = 70B6D4BC1465CD9C0023548D /* AppDelegate.mm */; };
		70B6D4C01465CD9C0023548D /* MasterViewController.mm in Sources */ = {isa = PBXBuildFile; fileRef = 70B6D4BF1465CD9C0023548D /* MasterViewController.mm */; };
		70B6D4C31465CD9C0023548D /* DetailViewController.m in Sources */ = {isa = PBXBuildFile; fileRef = 70B6D4C21465CD9C0023548D /* DetailViewController.m */; };
		70B6D4C61465CD9C0023548D /* MasterViewController.xib in Resources */ = {isa = PBXBuildFile; fileRef = 70B6D4C41465CD9C0023548D /* MasterViewController.xib */; };
		70B6D4C91465CD9C0023548D /* DetailViewController.xib in Resources */ = {isa = PBXBuildFile; fileRef = 70B6D4C71465CD9C0023548D /* DetailViewController.xib */; };
		70B6D4D11465CF3B0023548D /* boggleSolver.cpp in Sources */ = {isa = PBXBuildFile; fileRef = 70B6D4CF1465CF3B0023548D /* boggleSolver.cpp */; };
		70B6D4D51465D4B50023548D /* dict.txt in Resources */ = {isa = PBXBuildFile; fileRef = 70B6D4D41465D4B50023548D /* dict.txt */; };
		70B6D4D81465E6A60023548D /* NextableTextField.m in Sources */ = {isa = PBXBuildFile; fileRef = 70B6D4D71465E6A60023548D /* NextableTextField.m */; };
		70B6D4E61465FF250023548D /* UIBarButtonItem+Tint.m in Sources */ = {isa = PBXBuildFile; fileRef = 70B6D4E51465FF250023548D /* UIBarButtonItem+Tint.m */; };
		70B6D4E8146600D80023548D /* iAd.framework in Frameworks */ = {isa = PBXBuildFile; fileRef = 70B6D4E7146600D80023548D /* iAd.framework */; };
/* End PBXBuildFile section */

/* Begin PBXFileReference section */
		7011C187146E4F1700BE2654 /* ResultsViewController.h */ = {isa = PBXFileReference; fileEncoding = 4; lastKnownFileType = sourcecode.c.h; path = ResultsViewController.h; sourceTree = "<group>"; };
		7011C188146E4F1700BE2654 /* ResultsViewController.m */ = {isa = PBXFileReference; fileEncoding = 4; lastKnownFileType = sourcecode.c.objc; path = ResultsViewController.m; sourceTree = "<group>"; };
		7011C189146E4F1700BE2654 /* ResultsViewController.xib */ = {isa = PBXFileReference; fileEncoding = 4; lastKnownFileType = file.xib; path = ResultsViewController.xib; sourceTree = "<group>"; };
		7011C193146E5CFC00BE2654 /* MessageUI.framework */ = {isa = PBXFileReference; lastKnownFileType = wrapper.framework; name = MessageUI.framework; path = System/Library/Frameworks/MessageUI.framework; sourceTree = SDKROOT; };
		7011C195146EF0D400BE2654 /* GameKit.framework */ = {isa = PBXFileReference; lastKnownFileType = wrapper.framework; name = GameKit.framework; path = System/Library/Frameworks/GameKit.framework; sourceTree = SDKROOT; };
		7011C199146EF7B000BE2654 /* ScrumbledIcon.png */ = {isa = PBXFileReference; lastKnownFileType = image.png; path = ScrumbledIcon.png; sourceTree = "<group>"; };
		7011C19B146EF7C900BE2654 /* ScrumbledIcon@2x.png */ = {isa = PBXFileReference; lastKnownFileType = image.png; path = "ScrumbledIcon@2x.png"; sourceTree = "<group>"; };
		7011C19F146F163800BE2654 /* scrumbledBanner@2x.png */ = {isa = PBXFileReference; lastKnownFileType = image.png; path = "scrumbledBanner@2x.png"; sourceTree = "<group>"; };
		7011C1A1146F2A2C00BE2654 /* Twitter.framework */ = {isa = PBXFileReference; lastKnownFileType = wrapper.framework; name = Twitter.framework; path = System/Library/Frameworks/Twitter.framework; sourceTree = SDKROOT; };
		7011C1A3146F2F7200BE2654 /* scrumButton@2x.png */ = {isa = PBXFileReference; lastKnownFileType = image.png; path = "scrumButton@2x.png"; sourceTree = "<group>"; };
		7011C1A5146F305900BE2654 /* scrumBannerButton@2x.png */ = {isa = PBXFileReference; lastKnownFileType = image.png; path = "scrumBannerButton@2x.png"; sourceTree = "<group>"; };
		7011C1D71470903F00BE2654 /* DescrumbledAd@2x.png */ = {isa = PBXFileReference; lastKnownFileType = image.png; path = "DescrumbledAd@2x.png"; sourceTree = "<group>"; };
		70459DCF14661D7500998C76 /* DescrumbledIcon@2x.png */ = {isa = PBXFileReference; lastKnownFileType = image.png; path = "DescrumbledIcon@2x.png"; sourceTree = "<group>"; };
		70459DD014661D7500998C76 /* DescrumbledIcon.png */ = {isa = PBXFileReference; lastKnownFileType = image.png; path = DescrumbledIcon.png; sourceTree = "<group>"; };
		70B6D4A81465CD9B0023548D /* DeBoggle.app */ = {isa = PBXFileReference; explicitFileType = wrapper.application; includeInIndex = 0; path = DeBoggle.app; sourceTree = BUILT_PRODUCTS_DIR; };
		70B6D4AC1465CD9B0023548D /* UIKit.framework */ = {isa = PBXFileReference; lastKnownFileType = wrapper.framework; name = UIKit.framework; path = System/Library/Frameworks/UIKit.framework; sourceTree = SDKROOT; };
		70B6D4AE1465CD9B0023548D /* Foundation.framework */ = {isa = PBXFileReference; lastKnownFileType = wrapper.framework; name = Foundation.framework; path = System/Library/Frameworks/Foundation.framework; sourceTree = SDKROOT; };
		70B6D4B01465CD9B0023548D /* CoreGraphics.framework */ = {isa = PBXFileReference; lastKnownFileType = wrapper.framework; name = CoreGraphics.framework; path = System/Library/Frameworks/CoreGraphics.framework; sourceTree = SDKROOT; };
		70B6D4B41465CD9B0023548D /* DeBoggle-Info.plist */ = {isa = PBXFileReference; lastKnownFileType = text.plist.xml; path = "DeBoggle-Info.plist"; sourceTree = "<group>"; };
		70B6D4B61465CD9B0023548D /* en */ = {isa = PBXFileReference; lastKnownFileType = text.plist.strings; name = en; path = en.lproj/InfoPlist.strings; sourceTree = "<group>"; };
		70B6D4B81465CD9B0023548D /* main.m */ = {isa = PBXFileReference; lastKnownFileType = sourcecode.c.objc; path = main.m; sourceTree = "<group>"; };
		70B6D4BA1465CD9C0023548D /* DeBoggle-Prefix.pch */ = {isa = PBXFileReference; lastKnownFileType = sourcecode.c.h; path = "DeBoggle-Prefix.pch"; sourceTree = "<group>"; };
		70B6D4BB1465CD9C0023548D /* AppDelegate.h */ = {isa = PBXFileReference; lastKnownFileType = sourcecode.c.h; path = AppDelegate.h; sourceTree = "<group>"; };
		70B6D4BC1465CD9C0023548D /* AppDelegate.mm */ = {isa = PBXFileReference; lastKnownFileType = sourcecode.cpp.objcpp; path = AppDelegate.mm; sourceTree = "<group>"; };
		70B6D4BE1465CD9C0023548D /* MasterViewController.h */ = {isa = PBXFileReference; lastKnownFileType = sourcecode.c.h; path = MasterViewController.h; sourceTree = "<group>"; };
		70B6D4BF1465CD9C0023548D /* MasterViewController.mm */ = {isa = PBXFileReference; lastKnownFileType = sourcecode.cpp.objcpp; path = MasterViewController.mm; sourceTree = "<group>"; };
		70B6D4C11465CD9C0023548D /* DetailViewController.h */ = {isa = PBXFileReference; lastKnownFileType = sourcecode.c.h; path = DetailViewController.h; sourceTree = "<group>"; };
		70B6D4C21465CD9C0023548D /* DetailViewController.m */ = {isa = PBXFileReference; lastKnownFileType = sourcecode.c.objc; path = DetailViewController.m; sourceTree = "<group>"; };
		70B6D4C51465CD9C0023548D /* en */ = {isa = PBXFileReference; lastKnownFileType = file.xib; name = en; path = en.lproj/MasterViewController.xib; sourceTree = "<group>"; };
		70B6D4C81465CD9C0023548D /* en */ = {isa = PBXFileReference; lastKnownFileType = file.xib; name = en; path = en.lproj/DetailViewController.xib; sourceTree = "<group>"; };
		70B6D4CF1465CF3B0023548D /* boggleSolver.cpp */ = {isa = PBXFileReference; fileEncoding = 4; lastKnownFileType = sourcecode.cpp.cpp; path = boggleSolver.cpp; sourceTree = "<group>"; };
		70B6D4D01465CF3B0023548D /* boggleSolver.h */ = {isa = PBXFileReference; fileEncoding = 4; lastKnownFileType = sourcecode.c.h; path = boggleSolver.h; sourceTree = "<group>"; };
		70B6D4D41465D4B50023548D /* dict.txt */ = {isa = PBXFileReference; fileEncoding = 4; lastKnownFileType = text; name = dict.txt; path = ../dict.txt; sourceTree = "<group>"; };
		70B6D4D61465E6A60023548D /* NextableTextField.h */ = {isa = PBXFileReference; fileEncoding = 4; lastKnownFileType = sourcecode.c.h; path = NextableTextField.h; sourceTree = "<group>"; };
		70B6D4D71465E6A60023548D /* NextableTextField.m */ = {isa = PBXFileReference; fileEncoding = 4; lastKnownFileType = sourcecode.c.objc; path = NextableTextField.m; sourceTree = "<group>"; };
		70B6D4E41465FF250023548D /* UIBarButtonItem+Tint.h */ = {isa = PBXFileReference; fileEncoding = 4; lastKnownFileType = sourcecode.c.h; path = "UIBarButtonItem+Tint.h"; sourceTree = "<group>"; };
		70B6D4E51465FF250023548D /* UIBarButtonItem+Tint.m */ = {isa = PBXFileReference; fileEncoding = 4; lastKnownFileType = sourcecode.c.objc; path = "UIBarButtonItem+Tint.m"; sourceTree = "<group>"; };
		70B6D4E7146600D80023548D /* iAd.framework */ = {isa = PBXFileReference; lastKnownFileType = wrapper.framework; name = iAd.framework; path = System/Library/Frameworks/iAd.framework; sourceTree = SDKROOT; };
/* End PBXFileReference section */

/* Begin PBXFrameworksBuildPhase section */
		70B6D4A51465CD9B0023548D /* Frameworks */ = {
			isa = PBXFrameworksBuildPhase;
			buildActionMask = 2147483647;
			files = (
				7011C1A2146F2A2C00BE2654 /* Twitter.framework in Frameworks */,
				7011C196146EF0D400BE2654 /* GameKit.framework in Frameworks */,
				7011C194146E5CFC00BE2654 /* MessageUI.framework in Frameworks */,
				70B6D4E8146600D80023548D /* iAd.framework in Frameworks */,
				70B6D4AD1465CD9B0023548D /* UIKit.framework in Frameworks */,
				70B6D4AF1465CD9B0023548D /* Foundation.framework in Frameworks */,
				70B6D4B11465CD9B0023548D /* CoreGraphics.framework in Frameworks */,
			);
			runOnlyForDeploymentPostprocessing = 0;
		};
/* End PBXFrameworksBuildPhase section */

/* Begin PBXGroup section */
		70B6D49D1465CD9B0023548D = {
			isa = PBXGroup;
			children = (
				7011C1A1146F2A2C00BE2654 /* Twitter.framework */,
				7011C195146EF0D400BE2654 /* GameKit.framework */,
				7011C193146E5CFC00BE2654 /* MessageUI.framework */,
				70B6D4E7146600D80023548D /* iAd.framework */,
				70B6D4B21465CD9B0023548D /* DeBoggle */,
				70B6D4AB1465CD9B0023548D /* Frameworks */,
				70B6D4A91465CD9B0023548D /* Products */,
			);
			sourceTree = "<group>";
		};
		70B6D4A91465CD9B0023548D /* Products */ = {
			isa = PBXGroup;
			children = (
				70B6D4A81465CD9B0023548D /* DeBoggle.app */,
			);
			name = Products;
			sourceTree = "<group>";
		};
		70B6D4AB1465CD9B0023548D /* Frameworks */ = {
			isa = PBXGroup;
			children = (
				70B6D4AC1465CD9B0023548D /* UIKit.framework */,
				70B6D4AE1465CD9B0023548D /* Foundation.framework */,
				70B6D4B01465CD9B0023548D /* CoreGraphics.framework */,
			);
			name = Frameworks;
			sourceTree = "<group>";
		};
		70B6D4B21465CD9B0023548D /* DeBoggle */ = {
			isa = PBXGroup;
			children = (
				70B6D4E41465FF250023548D /* UIBarButtonItem+Tint.h */,
				70B6D4E51465FF250023548D /* UIBarButtonItem+Tint.m */,
				70B6D4D71465E6A60023548D /* NextableTextField.m */,
				70B6D4D61465E6A60023548D /* NextableTextField.h */,
				70B6D4CF1465CF3B0023548D /* boggleSolver.cpp */,
				70B6D4D01465CF3B0023548D /* boggleSolver.h */,
				70B6D4BB1465CD9C0023548D /* AppDelegate.h */,
				70B6D4BC1465CD9C0023548D /* AppDelegate.mm */,
				70B6D4BE1465CD9C0023548D /* MasterViewController.h */,
				70B6D4BF1465CD9C0023548D /* MasterViewController.mm */,
				70B6D4C11465CD9C0023548D /* DetailViewController.h */,
				70B6D4C21465CD9C0023548D /* DetailViewController.m */,
				70B6D4C41465CD9C0023548D /* MasterViewController.xib */,
				70B6D4C71465CD9C0023548D /* DetailViewController.xib */,
				70B6D4B31465CD9B0023548D /* Supporting Files */,
				7011C187146E4F1700BE2654 /* ResultsViewController.h */,
				7011C188146E4F1700BE2654 /* ResultsViewController.m */,
				7011C189146E4F1700BE2654 /* ResultsViewController.xib */,
			);
			path = DeBoggle;
			sourceTree = "<group>";
		};
		70B6D4B31465CD9B0023548D /* Supporting Files */ = {
			isa = PBXGroup;
			children = (
				7011C1D71470903F00BE2654 /* DescrumbledAd@2x.png */,
				7011C1A5146F305900BE2654 /* scrumBannerButton@2x.png */,
				7011C1A3146F2F7200BE2654 /* scrumButton@2x.png */,
				7011C19F146F163800BE2654 /* scrumbledBanner@2x.png */,
				7011C19B146EF7C900BE2654 /* ScrumbledIcon@2x.png */,
				7011C199146EF7B000BE2654 /* ScrumbledIcon.png */,
				70459DCF14661D7500998C76 /* DescrumbledIcon@2x.png */,
				70459DD014661D7500998C76 /* DescrumbledIcon.png */,
				70B6D4D41465D4B50023548D /* dict.txt */,
				70B6D4B41465CD9B0023548D /* DeBoggle-Info.plist */,
				70B6D4B51465CD9B0023548D /* InfoPlist.strings */,
				70B6D4B81465CD9B0023548D /* main.m */,
				70B6D4BA1465CD9C0023548D /* DeBoggle-Prefix.pch */,
			);
			name = "Supporting Files";
			sourceTree = "<group>";
		};
/* End PBXGroup section */

/* Begin PBXNativeTarget section */
		70B6D4A71465CD9B0023548D /* DeBoggle */ = {
			isa = PBXNativeTarget;
			buildConfigurationList = 70B6D4CC1465CD9C0023548D /* Build configuration list for PBXNativeTarget "DeBoggle" */;
			buildPhases = (
				70B6D4A41465CD9B0023548D /* Sources */,
				70B6D4A51465CD9B0023548D /* Frameworks */,
				70B6D4A61465CD9B0023548D /* Resources */,
			);
			buildRules = (
			);
			dependencies = (
			);
			name = DeBoggle;
			productName = DeBoggle;
			productReference = 70B6D4A81465CD9B0023548D /* DeBoggle.app */;
			productType = "com.apple.product-type.application";
		};
/* End PBXNativeTarget section */

/* Begin PBXProject section */
		70B6D49F1465CD9B0023548D /* Project object */ = {
			isa = PBXProject;
			attributes = {
				LastUpgradeCheck = 0420;
			};
			buildConfigurationList = 70B6D4A21465CD9B0023548D /* Build configuration list for PBXProject "DeBoggle" */;
			compatibilityVersion = "Xcode 3.2";
			developmentRegion = English;
			hasScannedForEncodings = 0;
			knownRegions = (
				en,
			);
			mainGroup = 70B6D49D1465CD9B0023548D;
			productRefGroup = 70B6D4A91465CD9B0023548D /* Products */;
			projectDirPath = "";
			projectRoot = "";
			targets = (
				70B6D4A71465CD9B0023548D /* DeBoggle */,
			);
		};
/* End PBXProject section */

/* Begin PBXResourcesBuildPhase section */
		70B6D4A61465CD9B0023548D /* Resources */ = {
			isa = PBXResourcesBuildPhase;
			buildActionMask = 2147483647;
			files = (
				70B6D4B71465CD9B0023548D /* InfoPlist.strings in Resources */,
				70B6D4C61465CD9C0023548D /* MasterViewController.xib in Resources */,
				70B6D4C91465CD9C0023548D /* DetailViewController.xib in Resources */,
				70B6D4D51465D4B50023548D /* dict.txt in Resources */,
				70459DD114661D7500998C76 /* DescrumbledIcon@2x.png in Resources */,
				70459DD214661D7500998C76 /* DescrumbledIcon.png in Resources */,
				7011C18B146E4F1700BE2654 /* ResultsViewController.xib in Resources */,
				7011C19A146EF7B000BE2654 /* ScrumbledIcon.png in Resources */,
				7011C19C146EF7C900BE2654 /* ScrumbledIcon@2x.png in Resources */,
				7011C1A0146F163800BE2654 /* scrumbledBanner@2x.png in Resources */,
				7011C1A4146F2F7200BE2654 /* scrumButton@2x.png in Resources */,
				7011C1A6146F305900BE2654 /* scrumBannerButton@2x.png in Resources */,
				7011C1D81470903F00BE2654 /* DescrumbledAd@2x.png in Resources */,
			);
			runOnlyForDeploymentPostprocessing = 0;
		};
/* End PBXResourcesBuildPhase section */

/* Begin PBXSourcesBuildPhase section */
		70B6D4A41465CD9B0023548D /* Sources */ = {
			isa = PBXSourcesBuildPhase;
			buildActionMask = 2147483647;
			files = (
				70B6D4B91465CD9B0023548D /* main.m in Sources */,
				70B6D4BD1465CD9C0023548D /* AppDelegate.mm in Sources */,
				70B6D4C01465CD9C0023548D /* MasterViewController.mm in Sources */,
				70B6D4C31465CD9C0023548D /* DetailViewController.m in Sources */,
				70B6D4D11465CF3B0023548D /* boggleSolver.cpp in Sources */,
				70B6D4D81465E6A60023548D /* NextableTextField.m in Sources */,
				70B6D4E61465FF250023548D /* UIBarButtonItem+Tint.m in Sources */,
				7011C18A146E4F1700BE2654 /* ResultsViewController.m in Sources */,
			);
			runOnlyForDeploymentPostprocessing = 0;
		};
/* End PBXSourcesBuildPhase section */

/* Begin PBXVariantGroup section */
		70B6D4B51465CD9B0023548D /* InfoPlist.strings */ = {
			isa = PBXVariantGroup;
			children = (
				70B6D4B61465CD9B0023548D /* en */,
			);
			name = InfoPlist.strings;
			sourceTree = "<group>";
		};
		70B6D4C41465CD9C0023548D /* MasterViewController.xib */ = {
			isa = PBXVariantGroup;
			children = (
				70B6D4C51465CD9C0023548D /* en */,
			);
			name = MasterViewController.xib;
			sourceTree = "<group>";
		};
		70B6D4C71465CD9C0023548D /* DetailViewController.xib */ = {
			isa = PBXVariantGroup;
			children = (
				70B6D4C81465CD9C0023548D /* en */,
			);
			name = DetailViewController.xib;
			sourceTree = "<group>";
		};
/* End PBXVariantGroup section */

/* Begin XCBuildConfiguration section */
		70B6D4CA1465CD9C0023548D /* Debug */ = {
			isa = XCBuildConfiguration;
			buildSettings = {
				ALWAYS_SEARCH_USER_PATHS = NO;
				ARCHS = "$(ARCHS_STANDARD_32_BIT)";
				"CODE_SIGN_IDENTITY[sdk=iphoneos*]" = "iPhone Developer";
				COPY_PHASE_STRIP = NO;
				GCC_C_LANGUAGE_STANDARD = gnu99;
				GCC_DYNAMIC_NO_PIC = NO;
				GCC_OPTIMIZATION_LEVEL = 0;
				GCC_PREPROCESSOR_DEFINITIONS = (
					"DEBUG=1",
					"$(inherited)",
				);
				GCC_SYMBOLS_PRIVATE_EXTERN = NO;
				GCC_VERSION = com.apple.compilers.llvm.clang.1_0;
				GCC_WARN_ABOUT_MISSING_PROTOTYPES = YES;
				GCC_WARN_ABOUT_RETURN_TYPE = YES;
				GCC_WARN_UNUSED_VARIABLE = YES;
				IPHONEOS_DEPLOYMENT_TARGET = 5.0;
				SDKROOT = iphoneos;
			};
			name = Debug;
		};
		70B6D4CB1465CD9C0023548D /* Release */ = {
			isa = XCBuildConfiguration;
			buildSettings = {
				ALWAYS_SEARCH_USER_PATHS = NO;
				ARCHS = "$(ARCHS_STANDARD_32_BIT)";
				"CODE_SIGN_IDENTITY[sdk=iphoneos*]" = "iPhone Developer";
				COPY_PHASE_STRIP = YES;
				GCC_C_LANGUAGE_STANDARD = gnu99;
				GCC_VERSION = com.apple.compilers.llvm.clang.1_0;
				GCC_WARN_ABOUT_MISSING_PROTOTYPES = YES;
				GCC_WARN_ABOUT_RETURN_TYPE = YES;
				GCC_WARN_UNUSED_VARIABLE = YES;
				IPHONEOS_DEPLOYMENT_TARGET = 5.0;
				OTHER_CFLAGS = "-DNS_BLOCK_ASSERTIONS=1";
				SDKROOT = iphoneos;
				VALIDATE_PRODUCT = YES;
			};
			name = Release;
		};
		70B6D4CD1465CD9C0023548D /* Debug */ = {
			isa = XCBuildConfiguration;
			buildSettings = {
				GCC_PRECOMPILE_PREFIX_HEADER = YES;
				GCC_PREFIX_HEADER = "DeBoggle/DeBoggle-Prefix.pch";
				INFOPLIST_FILE = "DeBoggle/DeBoggle-Info.plist";
				IPHONEOS_DEPLOYMENT_TARGET = 4.2;
				PRODUCT_NAME = "$(TARGET_NAME)";
				WRAPPER_EXTENSION = app;
			};
			name = Debug;
		};
		70B6D4CE1465CD9C0023548D /* Release */ = {
			isa = XCBuildConfiguration;
			buildSettings = {
				"CODE_SIGN_IDENTITY[sdk=iphoneos*]" = "iPhone Distribution: Randall Brown";
				GCC_PRECOMPILE_PREFIX_HEADER = YES;
				GCC_PREFIX_HEADER = "DeBoggle/DeBoggle-Prefix.pch";
				INFOPLIST_FILE = "DeBoggle/DeBoggle-Info.plist";
				IPHONEOS_DEPLOYMENT_TARGET = 4.2;
				PRODUCT_NAME = "$(TARGET_NAME)";
				"PROVISIONING_PROFILE[sdk=iphoneos*]" = "ED70AE7E-FD8B-4F56-9B72-96C529765520";
				WRAPPER_EXTENSION = app;
			};
			name = Release;
		};
/* End XCBuildConfiguration section */

/* Begin XCConfigurationList section */
		70B6D4A21465CD9B0023548D /* Build configuration list for PBXProject "DeBoggle" */ = {
			isa = XCConfigurationList;
			buildConfigurations = (
				70B6D4CA1465CD9C0023548D /* Debug */,
				70B6D4CB1465CD9C0023548D /* Release */,
			);
			defaultConfigurationIsVisible = 0;
			defaultConfigurationName = Release;
		};
		70B6D4CC1465CD9C0023548D /* Build configuration list for PBXNativeTarget "DeBoggle" */ = {
			isa = XCConfigurationList;
			buildConfigurations = (
				70B6D4CD1465CD9C0023548D /* Debug */,
				70B6D4CE1465CD9C0023548D /* Release */,
			);
			defaultConfigurationIsVisible = 0;
			defaultConfigurationName = Release;
		};
/* End XCConfigurationList section */
	};
	rootObject = 70B6D49F1465CD9B0023548D /* Project object */;
}
